
Microsoft Visual Studio Solution File, Format Version 12.00
# Visual Studio Version 17
VisualStudioVersion = 17.4.33213.308
MinimumVisualStudioVersion = 10.0.40219.1
Project("{FAE04EC0-301F-11D3-BF4B-00C04F79EFBC}") = "Foglalasok", "Foglalasok\Foglalasok.csproj", "{031848B0-C8C3-40A2-B1F8-568D85F87934}"
EndProject
Global
	GlobalSection(SolutionConfigurationPlatforms) = preSolution
		Debug|Any CPU = Debug|Any CPU
		Release|Any CPU = Release|Any CPU
	EndGlobalSection
	GlobalSection(ProjectConfigurationPlatforms) = postSolution
		{031848B0-C8C3-40A2-B1F8-568D85F87934}.Debug|Any CPU.ActiveCfg = Debug|Any CPU
		{031848B0-C8C3-40A2-B1F8-568D85F87934}.Debug|Any CPU.Build.0 = Debug|Any CPU
		{031848B0-C8C3-40A2-B1F8-568D85F87934}.Release|Any CPU.ActiveCfg = Release|Any CPU
		{031848B0-C8C3-40A2-B1F8-568D85F87934}.Release|Any CPU.Build.0 = Release|Any CPU
	EndGlobalSection
	GlobalSection(SolutionProperties) = preSolution
		HideSolutionNode = FALSE
	EndGlobalSection
	GlobalSection(ExtensibilityGlobals) = postSolution
		SolutionGuid = {96C39AF8-BAEB-448F-8690-CF77D5316D0C}
	EndGlobalSection
EndGlobal
